
Microsoft Visual Studio Solution File, Format Version 12.00
# Visual Studio Version 17
VisualStudioVersion = 17.7.34003.232
MinimumVisualStudioVersion = 10.0.40219.1
Project("{FAE04EC0-301F-11D3-BF4B-00C04F79EFBC}") = "ConsoleApp1", "ConsoleApp1.csproj", "{1170A2B2-3B31-4099-9C1E-13F7414FD94B}"
EndProject
Global
	GlobalSection(SolutionConfigurationPlatforms) = preSolution
		Debug|Any CPU = Debug|Any CPU
		Release|Any CPU = Release|Any CPU
	EndGlobalSection
	GlobalSection(ProjectConfigurationPlatforms) = postSolution
		{1170A2B2-3B31-4099-9C1E-13F7414FD94B}.Debug|Any CPU.ActiveCfg = Debug|Any CPU
		{1170A2B2-3B31-4099-9C1E-13F7414FD94B}.Debug|Any CPU.Build.0 = Debug|Any CPU
		{1170A2B2-3B31-4099-9C1E-13F7414FD94B}.Release|Any CPU.ActiveCfg = Release|Any CPU
		{1170A2B2-3B31-4099-9C1E-13F7414FD94B}.Release|Any CPU.Build.0 = Release|Any CPU
	EndGlobalSection
	GlobalSection(SolutionProperties) = preSolution
		HideSolutionNode = FALSE
	EndGlobalSection
	GlobalSection(ExtensibilityGlobals) = postSolution
		SolutionGuid = {152BC00F-8CC6-4D12-9FA1-4FF004800829}
	EndGlobalSection
EndGlobal
